
Microsoft Visual Studio Solution File, Format Version 12.00
Project("{FAE04EC0-301F-11D3-BF4B-00C04F79EFBC}") = "SimpleCalculator", "SimpleCalculator\SimpleCalculator.csproj", "{557F7D8D-4808-40E7-8E44-EFCF662F077B}"
EndProject
Global
	GlobalSection(SolutionConfigurationPlatforms) = preSolution
		Debug|Any CPU = Debug|Any CPU
		Release|Any CPU = Release|Any CPU
	EndGlobalSection
	GlobalSection(ProjectConfigurationPlatforms) = postSolution
		{557F7D8D-4808-40E7-8E44-EFCF662F077B}.Debug|Any CPU.ActiveCfg = Debug|Any CPU
		{557F7D8D-4808-40E7-8E44-EFCF662F077B}.Debug|Any CPU.Build.0 = Debug|Any CPU
		{557F7D8D-4808-40E7-8E44-EFCF662F077B}.Release|Any CPU.ActiveCfg = Release|Any CPU
		{557F7D8D-4808-40E7-8E44-EFCF662F077B}.Release|Any CPU.Build.0 = Release|Any CPU
	EndGlobalSection
EndGlobal
