
Microsoft Visual Studio Solution File, Format Version 12.00
Project("{FAE04EC0-301F-11D3-BF4B-00C04F79EFBC}") = "SimpleCalculator.Tests", "SimpleCalculator.Tests\SimpleCalculator.Tests.csproj", "{4AAAFD32-5392-41F8-8659-AE899151629B}"
EndProject
Global
	GlobalSection(SolutionConfigurationPlatforms) = preSolution
		Debug|Any CPU = Debug|Any CPU
		Release|Any CPU = Release|Any CPU
	EndGlobalSection
	GlobalSection(ProjectConfigurationPlatforms) = postSolution
		{4AAAFD32-5392-41F8-8659-AE899151629B}.Debug|Any CPU.ActiveCfg = Debug|Any CPU
		{4AAAFD32-5392-41F8-8659-AE899151629B}.Debug|Any CPU.Build.0 = Debug|Any CPU
		{4AAAFD32-5392-41F8-8659-AE899151629B}.Release|Any CPU.ActiveCfg = Release|Any CPU
		{4AAAFD32-5392-41F8-8659-AE899151629B}.Release|Any CPU.Build.0 = Release|Any CPU
	EndGlobalSection
EndGlobal
